{
    "_meta": {
        "hash": {
            "sha256": "53700510b2277db83824f3b4373e7ed2e6a84c1bc31538c0265a9bba9f5f6534"
        },
        "pipfile-spec": 6,
        "requires": {
            "python_version": "3.11"
        },
        "sources": [
            {
                "name": "pypi",
                "url": "https://pypi.org/simple",
                "verify_ssl": true
            }
        ]
    },
    "default": {
        "pypdf": {
            "hashes": [
                "sha256:c79ad4db16c9a86071a3556fb5d619022b36b8880ba3ef416558ea95fbec4cb9",
                "sha256:df3a7e90f1d3e4c9fe88a6b45c2ae58e61fe48a0fe0bc6de1544596e479a3f97"
            ],
            "index": "pypi",
            "markers": "python_version >= '3.6'",
            "version": "==3.17.1"
        }
    },
    "develop": {}
}
