{
  "name": "egghead-composable-functional-js",
  "version": "1.0.0",
  "lockfileVersion": 1,
  "requires": true,
  "dependencies": {
    "immutable": {
      "version": "3.8.2",
      "resolved": "https://registry.npmjs.org/immutable/-/immutable-3.8.2.tgz",
      "integrity": "sha1-wkOZUUVbs5kT2vKBN28VMOEErfM="
    },
    "immutable-ext": {
      "version": "1.1.2",
      "resolved": "https://registry.npmjs.org/immutable-ext/-/immutable-ext-1.1.2.tgz",
      "integrity": "sha512-hJ8s03f3U8lfE9ecb8ZafLvLj9Ptpd5YNHD+VYSu1QPCP1knab1VpUJ5QlixlRosUQ6uY45gVl9evuqSHeodWQ=="
    }
  }
}
